// !$*UTF8*$!
{
	archiveVersion = 1;
	classes = {
	};
	objectVersion = 55;
	objects = {

/* Begin PBXBuildFile section */
		656CD51627A898EA0009DDE9 /* Tests_iOS.swift in Sources */ = {isa = PBXBuildFile; fileRef = 656CD51527A898EA0009DDE9 /* Tests_iOS.swift */; };
		656CD51827A898EA0009DDE9 /* Tests_iOSLaunchTests.swift in Sources */ = {isa = PBXBuildFile; fileRef = 656CD51727A898EA0009DDE9 /* Tests_iOSLaunchTests.swift */; };
		656CD52227A898EA0009DDE9 /* Tests_macOS.swift in Sources */ = {isa = PBXBuildFile; fileRef = 656CD52127A898EA0009DDE9 /* Tests_macOS.swift */; };
		656CD52427A898EA0009DDE9 /* Tests_macOSLaunchTests.swift in Sources */ = {isa = PBXBuildFile; fileRef = 656CD52327A898EA0009DDE9 /* Tests_macOSLaunchTests.swift */; };
		656CD52527A898EA0009DDE9 /* Quadratic_EquationApp.swift in Sources */ = {isa = PBXBuildFile; fileRef = 656CD4FD27A898E60009DDE9 /* Quadratic_EquationApp.swift */; };
		656CD52627A898EA0009DDE9 /* Quadratic_EquationApp.swift in Sources */ = {isa = PBXBuildFile; fileRef = 656CD4FD27A898E60009DDE9 /* Quadratic_EquationApp.swift */; };
		656CD52727A898EA0009DDE9 /* ContentView.swift in Sources */ = {isa = PBXBuildFile; fileRef = 656CD4FE27A898E60009DDE9 /* ContentView.swift */; };
		656CD52827A898EA0009DDE9 /* ContentView.swift in Sources */ = {isa = PBXBuildFile; fileRef = 656CD4FE27A898E60009DDE9 /* ContentView.swift */; };
		656CD52927A898EA0009DDE9 /* Assets.xcassets in Resources */ = {isa = PBXBuildFile; fileRef = 656CD4FF27A898E90009DDE9 /* Assets.xcassets */; };
		656CD52A27A898EA0009DDE9 /* Assets.xcassets in Resources */ = {isa = PBXBuildFile; fileRef = 656CD4FF27A898E90009DDE9 /* Assets.xcassets */; };
/* End PBXBuildFile section */

/* Begin PBXContainerItemProxy section */
		656CD51227A898EA0009DDE9 /* PBXContainerItemProxy */ = {
			isa = PBXContainerItemProxy;
			containerPortal = 656CD4F827A898E60009DDE9 /* Project object */;
			proxyType = 1;
			remoteGlobalIDString = 656CD50327A898E90009DDE9;
			remoteInfo = "Quadratic-Equation (iOS)";
		};
		656CD51E27A898EA0009DDE9 /* PBXContainerItemProxy */ = {
			isa = PBXContainerItemProxy;
			containerPortal = 656CD4F827A898E60009DDE9 /* Project object */;
			proxyType = 1;
			remoteGlobalIDString = 656CD50927A898E90009DDE9;
			remoteInfo = "Quadratic-Equation (macOS)";
		};
/* End PBXContainerItemProxy section */

/* Begin PBXFileReference section */
		656CD4FD27A898E60009DDE9 /* Quadratic_EquationApp.swift */ = {isa = PBXFileReference; lastKnownFileType = sourcecode.swift; path = Quadratic_EquationApp.swift; sourceTree = "<group>"; };
		656CD4FE27A898E60009DDE9 /* ContentView.swift */ = {isa = PBXFileReference; lastKnownFileType = sourcecode.swift; path = ContentView.swift; sourceTree = "<group>"; };
		656CD4FF27A898E90009DDE9 /* Assets.xcassets */ = {isa = PBXFileReference; lastKnownFileType = folder.assetcatalog; path = Assets.xcassets; sourceTree = "<group>"; };
		656CD50427A898E90009DDE9 /* Quadratic-Equation.app */ = {isa = PBXFileReference; explicitFileType = wrapper.application; includeInIndex = 0; path = "Quadratic-Equation.app"; sourceTree = BUILT_PRODUCTS_DIR; };
		656CD50A27A898E90009DDE9 /* Quadratic-Equation.app */ = {isa = PBXFileReference; explicitFileType = wrapper.application; includeInIndex = 0; path = "Quadratic-Equation.app"; sourceTree = BUILT_PRODUCTS_DIR; };
		656CD50C27A898E90009DDE9 /* macOS.entitlements */ = {isa = PBXFileReference; lastKnownFileType = text.plist.entitlements; path = macOS.entitlements; sourceTree = "<group>"; };
		656CD51127A898EA0009DDE9 /* Tests iOS.xctest */ = {isa = PBXFileReference; explicitFileType = wrapper.cfbundle; includeInIndex = 0; path = "Tests iOS.xctest"; sourceTree = BUILT_PRODUCTS_DIR; };
		656CD51527A898EA0009DDE9 /* Tests_iOS.swift */ = {isa = PBXFileReference; lastKnownFileType = sourcecode.swift; path = Tests_iOS.swift; sourceTree = "<group>"; };
		656CD51727A898EA0009DDE9 /* Tests_iOSLaunchTests.swift */ = {isa = PBXFileReference; lastKnownFileType = sourcecode.swift; path = Tests_iOSLaunchTests.swift; sourceTree = "<group>"; };
		656CD51D27A898EA0009DDE9 /* Tests macOS.xctest */ = {isa = PBXFileReference; explicitFileType = wrapper.cfbundle; includeInIndex = 0; path = "Tests macOS.xctest"; sourceTree = BUILT_PRODUCTS_DIR; };
		656CD52127A898EA0009DDE9 /* Tests_macOS.swift */ = {isa = PBXFileReference; lastKnownFileType = sourcecode.swift; path = Tests_macOS.swift; sourceTree = "<group>"; };
		656CD52327A898EA0009DDE9 /* Tests_macOSLaunchTests.swift */ = {isa = PBXFileReference; lastKnownFileType = sourcecode.swift; path = Tests_macOSLaunchTests.swift; sourceTree = "<group>"; };
/* End PBXFileReference section */

/* Begin PBXFrameworksBuildPhase section */
		656CD50127A898E90009DDE9 /* Frameworks */ = {
			isa = PBXFrameworksBuildPhase;
			buildActionMask = 2147483647;
			files = (
			);
			runOnlyForDeploymentPostprocessing = 0;
		};
		656CD50727A898E90009DDE9 /* Frameworks */ = {
			isa = PBXFrameworksBuildPhase;
			buildActionMask = 2147483647;
			files = (
			);
			runOnlyForDeploymentPostprocessing = 0;
		};
		656CD50E27A898EA0009DDE9 /* Frameworks */ = {
			isa = PBXFrameworksBuildPhase;
			buildActionMask = 2147483647;
			files = (
			);
			runOnlyForDeploymentPostprocessing = 0;
		};
		656CD51A27A898EA0009DDE9 /* Frameworks */ = {
			isa = PBXFrameworksBuildPhase;
			buildActionMask = 2147483647;
			files = (
			);
			runOnlyForDeploymentPostprocessing = 0;
		};
/* End PBXFrameworksBuildPhase section */

/* Begin PBXGroup section */
		656CD4F727A898E60009DDE9 = {
			isa = PBXGroup;
			children = (
				656CD4FC27A898E60009DDE9 /* Shared */,
				656CD50B27A898E90009DDE9 /* macOS */,
				656CD51427A898EA0009DDE9 /* Tests iOS */,
				656CD52027A898EA0009DDE9 /* Tests macOS */,
				656CD50527A898E90009DDE9 /* Products */,
			);
			sourceTree = "<group>";
		};
		656CD4FC27A898E60009DDE9 /* Shared */ = {
			isa = PBXGroup;
			children = (
				656CD4FD27A898E60009DDE9 /* Quadratic_EquationApp.swift */,
				656CD4FE27A898E60009DDE9 /* ContentView.swift */,
				656CD4FF27A898E90009DDE9 /* Assets.xcassets */,
			);
			path = Shared;
			sourceTree = "<group>";
		};
		656CD50527A898E90009DDE9 /* Products */ = {
			isa = PBXGroup;
			children = (
				656CD50427A898E90009DDE9 /* Quadratic-Equation.app */,
				656CD50A27A898E90009DDE9 /* Quadratic-Equation.app */,
				656CD51127A898EA0009DDE9 /* Tests iOS.xctest */,
				656CD51D27A898EA0009DDE9 /* Tests macOS.xctest */,
			);
			name = Products;
			sourceTree = "<group>";
		};
		656CD50B27A898E90009DDE9 /* macOS */ = {
			isa = PBXGroup;
			children = (
				656CD50C27A898E90009DDE9 /* macOS.entitlements */,
			);
			path = macOS;
			sourceTree = "<group>";
		};
		656CD51427A898EA0009DDE9 /* Tests iOS */ = {
			isa = PBXGroup;
			children = (
				656CD51527A898EA0009DDE9 /* Tests_iOS.swift */,
				656CD51727A898EA0009DDE9 /* Tests_iOSLaunchTests.swift */,
			);
			path = "Tests iOS";
			sourceTree = "<group>";
		};
		656CD52027A898EA0009DDE9 /* Tests macOS */ = {
			isa = PBXGroup;
			children = (
				656CD52127A898EA0009DDE9 /* Tests_macOS.swift */,
				656CD52327A898EA0009DDE9 /* Tests_macOSLaunchTests.swift */,
			);
			path = "Tests macOS";
			sourceTree = "<group>";
		};
/* End PBXGroup section */

/* Begin PBXNativeTarget section */
		656CD50327A898E90009DDE9 /* Quadratic-Equation (iOS) */ = {
			isa = PBXNativeTarget;
			buildConfigurationList = 656CD52D27A898EA0009DDE9 /* Build configuration list for PBXNativeTarget "Quadratic-Equation (iOS)" */;
			buildPhases = (
				656CD50027A898E90009DDE9 /* Sources */,
				656CD50127A898E90009DDE9 /* Frameworks */,
				656CD50227A898E90009DDE9 /* Resources */,
			);
			buildRules = (
			);
			dependencies = (
			);
			name = "Quadratic-Equation (iOS)";
			productName = "Quadratic-Equation (iOS)";
			productReference = 656CD50427A898E90009DDE9 /* Quadratic-Equation.app */;
			productType = "com.apple.product-type.application";
		};
		656CD50927A898E90009DDE9 /* Quadratic-Equation (macOS) */ = {
			isa = PBXNativeTarget;
			buildConfigurationList = 656CD53027A898EA0009DDE9 /* Build configuration list for PBXNativeTarget "Quadratic-Equation (macOS)" */;
			buildPhases = (
				656CD50627A898E90009DDE9 /* Sources */,
				656CD50727A898E90009DDE9 /* Frameworks */,
				656CD50827A898E90009DDE9 /* Resources */,
			);
			buildRules = (
			);
			dependencies = (
			);
			name = "Quadratic-Equation (macOS)";
			productName = "Quadratic-Equation (macOS)";
			productReference = 656CD50A27A898E90009DDE9 /* Quadratic-Equation.app */;
			productType = "com.apple.product-type.application";
		};
		656CD51027A898EA0009DDE9 /* Tests iOS */ = {
			isa = PBXNativeTarget;
			buildConfigurationList = 656CD53327A898EA0009DDE9 /* Build configuration list for PBXNativeTarget "Tests iOS" */;
			buildPhases = (
				656CD50D27A898EA0009DDE9 /* Sources */,
				656CD50E27A898EA0009DDE9 /* Frameworks */,
				656CD50F27A898EA0009DDE9 /* Resources */,
			);
			buildRules = (
			);
			dependencies = (
				656CD51327A898EA0009DDE9 /* PBXTargetDependency */,
			);
			name = "Tests iOS";
			productName = "Tests iOS";
			productReference = 656CD51127A898EA0009DDE9 /* Tests iOS.xctest */;
			productType = "com.apple.product-type.bundle.ui-testing";
		};
		656CD51C27A898EA0009DDE9 /* Tests macOS */ = {
			isa = PBXNativeTarget;
			buildConfigurationList = 656CD53627A898EA0009DDE9 /* Build configuration list for PBXNativeTarget "Tests macOS" */;
			buildPhases = (
				656CD51927A898EA0009DDE9 /* Sources */,
				656CD51A27A898EA0009DDE9 /* Frameworks */,
				656CD51B27A898EA0009DDE9 /* Resources */,
			);
			buildRules = (
			);
			dependencies = (
				656CD51F27A898EA0009DDE9 /* PBXTargetDependency */,
			);
			name = "Tests macOS";
			productName = "Tests macOS";
			productReference = 656CD51D27A898EA0009DDE9 /* Tests macOS.xctest */;
			productType = "com.apple.product-type.bundle.ui-testing";
		};
/* End PBXNativeTarget section */

/* Begin PBXProject section */
		656CD4F827A898E60009DDE9 /* Project object */ = {
			isa = PBXProject;
			attributes = {
				BuildIndependentTargetsInParallel = 1;
				LastSwiftUpdateCheck = 1320;
				LastUpgradeCheck = 1320;
				TargetAttributes = {
					656CD50327A898E90009DDE9 = {
						CreatedOnToolsVersion = 13.2.1;
					};
					656CD50927A898E90009DDE9 = {
						CreatedOnToolsVersion = 13.2.1;
					};
					656CD51027A898EA0009DDE9 = {
						CreatedOnToolsVersion = 13.2.1;
						TestTargetID = 656CD50327A898E90009DDE9;
					};
					656CD51C27A898EA0009DDE9 = {
						CreatedOnToolsVersion = 13.2.1;
						TestTargetID = 656CD50927A898E90009DDE9;
					};
				};
			};
			buildConfigurationList = 656CD4FB27A898E60009DDE9 /* Build configuration list for PBXProject "Quadratic-Equation" */;
			compatibilityVersion = "Xcode 13.0";
			developmentRegion = en;
			hasScannedForEncodings = 0;
			knownRegions = (
				en,
				Base,
			);
			mainGroup = 656CD4F727A898E60009DDE9;
			productRefGroup = 656CD50527A898E90009DDE9 /* Products */;
			projectDirPath = "";
			projectRoot = "";
			targets = (
				656CD50327A898E90009DDE9 /* Quadratic-Equation (iOS) */,
				656CD50927A898E90009DDE9 /* Quadratic-Equation (macOS) */,
				656CD51027A898EA0009DDE9 /* Tests iOS */,
				656CD51C27A898EA0009DDE9 /* Tests macOS */,
			);
		};
/* End PBXProject section */

/* Begin PBXResourcesBuildPhase section */
		656CD50227A898E90009DDE9 /* Resources */ = {
			isa = PBXResourcesBuildPhase;
			buildActionMask = 2147483647;
			files = (
				656CD52927A898EA0009DDE9 /* Assets.xcassets in Resources */,
			);
			runOnlyForDeploymentPostprocessing = 0;
		};
		656CD50827A898E90009DDE9 /* Resources */ = {
			isa = PBXResourcesBuildPhase;
			buildActionMask = 2147483647;
			files = (
				656CD52A27A898EA0009DDE9 /* Assets.xcassets in Resources */,
			);
			runOnlyForDeploymentPostprocessing = 0;
		};
		656CD50F27A898EA0009DDE9 /* Resources */ = {
			isa = PBXResourcesBuildPhase;
			buildActionMask = 2147483647;
			files = (
			);
			runOnlyForDeploymentPostprocessing = 0;
		};
		656CD51B27A898EA0009DDE9 /* Resources */ = {
			isa = PBXResourcesBuildPhase;
			buildActionMask = 2147483647;
			files = (
			);
			runOnlyForDeploymentPostprocessing = 0;
		};
/* End PBXResourcesBuildPhase section */

/* Begin PBXSourcesBuildPhase section */
		656CD50027A898E90009DDE9 /* Sources */ = {
			isa = PBXSourcesBuildPhase;
			buildActionMask = 2147483647;
			files = (
				656CD52727A898EA0009DDE9 /* ContentView.swift in Sources */,
				656CD52527A898EA0009DDE9 /* Quadratic_EquationApp.swift in Sources */,
			);
			runOnlyForDeploymentPostprocessing = 0;
		};
		656CD50627A898E90009DDE9 /* Sources */ = {
			isa = PBXSourcesBuildPhase;
			buildActionMask = 2147483647;
			files = (
				656CD52827A898EA0009DDE9 /* ContentView.swift in Sources */,
				656CD52627A898EA0009DDE9 /* Quadratic_EquationApp.swift in Sources */,
			);
			runOnlyForDeploymentPostprocessing = 0;
		};
		656CD50D27A898EA0009DDE9 /* Sources */ = {
			isa = PBXSourcesBuildPhase;
			buildActionMask = 2147483647;
			files = (
				656CD51827A898EA0009DDE9 /* Tests_iOSLaunchTests.swift in Sources */,
				656CD51627A898EA0009DDE9 /* Tests_iOS.swift in Sources */,
			);
			runOnlyForDeploymentPostprocessing = 0;
		};
		656CD51927A898EA0009DDE9 /* Sources */ = {
			isa = PBXSourcesBuildPhase;
			buildActionMask = 2147483647;
			files = (
				656CD52427A898EA0009DDE9 /* Tests_macOSLaunchTests.swift in Sources */,
				656CD52227A898EA0009DDE9 /* Tests_macOS.swift in Sources */,
			);
			runOnlyForDeploymentPostprocessing = 0;
		};
/* End PBXSourcesBuildPhase section */

/* Begin PBXTargetDependency section */
		656CD51327A898EA0009DDE9 /* PBXTargetDependency */ = {
			isa = PBXTargetDependency;
			target = 656CD50327A898E90009DDE9 /* Quadratic-Equation (iOS) */;
			targetProxy = 656CD51227A898EA0009DDE9 /* PBXContainerItemProxy */;
		};
		656CD51F27A898EA0009DDE9 /* PBXTargetDependency */ = {
			isa = PBXTargetDependency;
			target = 656CD50927A898E90009DDE9 /* Quadratic-Equation (macOS) */;
			targetProxy = 656CD51E27A898EA0009DDE9 /* PBXContainerItemProxy */;
		};
/* End PBXTargetDependency section */

/* Begin XCBuildConfiguration section */
		656CD52B27A898EA0009DDE9 /* Debug */ = {
			isa = XCBuildConfiguration;
			buildSettings = {
				ALWAYS_SEARCH_USER_PATHS = NO;
				CLANG_ANALYZER_NONNULL = YES;
				CLANG_ANALYZER_NUMBER_OBJECT_CONVERSION = YES_AGGRESSIVE;
				CLANG_CXX_LANGUAGE_STANDARD = "gnu++17";
				CLANG_CXX_LIBRARY = "libc++";
				CLANG_ENABLE_MODULES = YES;
				CLANG_ENABLE_OBJC_ARC = YES;
				CLANG_ENABLE_OBJC_WEAK = YES;
				CLANG_WARN_BLOCK_CAPTURE_AUTORELEASING = YES;
				CLANG_WARN_BOOL_CONVERSION = YES;
				CLANG_WARN_COMMA = YES;
				CLANG_WARN_CONSTANT_CONVERSION = YES;
				CLANG_WARN_DEPRECATED_OBJC_IMPLEMENTATIONS = YES;
				CLANG_WARN_DIRECT_OBJC_ISA_USAGE = YES_ERROR;
				CLANG_WARN_DOCUMENTATION_COMMENTS = YES;
				CLANG_WARN_EMPTY_BODY = YES;
				CLANG_WARN_ENUM_CONVERSION = YES;
				CLANG_WARN_INFINITE_RECURSION = YES;
				CLANG_WARN_INT_CONVERSION = YES;
				CLANG_WARN_NON_LITERAL_NULL_CONVERSION = YES;
				CLANG_WARN_OBJC_IMPLICIT_RETAIN_SELF = YES;
				CLANG_WARN_OBJC_LITERAL_CONVERSION = YES;
				CLANG_WARN_OBJC_ROOT_CLASS = YES_ERROR;
				CLANG_WARN_QUOTED_INCLUDE_IN_FRAMEWORK_HEADER = YES;
				CLANG_WARN_RANGE_LOOP_ANALYSIS = YES;
				CLANG_WARN_STRICT_PROTOTYPES = YES;
				CLANG_WARN_SUSPICIOUS_MOVE = YES;
				CLANG_WARN_UNGUARDED_AVAILABILITY = YES_AGGRESSIVE;
				CLANG_WARN_UNREACHABLE_CODE = YES;
				CLANG_WARN__DUPLICATE_METHOD_MATCH = YES;
				COPY_PHASE_STRIP = NO;
				DEBUG_INFORMATION_FORMAT = dwarf;
				ENABLE_STRICT_OBJC_MSGSEND = YES;
				ENABLE_TESTABILITY = YES;
				GCC_C_LANGUAGE_STANDARD = gnu11;
				GCC_DYNAMIC_NO_PIC = NO;
				GCC_NO_COMMON_BLOCKS = YES;
				GCC_OPTIMIZATION_LEVEL = 0;
				GCC_PREPROCESSOR_DEFINITIONS = (
					"DEBUG=1",
					"$(inherited)",
				);
				GCC_WARN_64_TO_32_BIT_CONVERSION = YES;
				GCC_WARN_ABOUT_RETURN_TYPE = YES_ERROR;
				GCC_WARN_UNDECLARED_SELECTOR = YES;
				GCC_WARN_UNINITIALIZED_AUTOS = YES_AGGRESSIVE;
				GCC_WARN_UNUSED_FUNCTION = YES;
				GCC_WARN_UNUSED_VARIABLE = YES;
				MTL_ENABLE_DEBUG_INFO = INCLUDE_SOURCE;
				MTL_FAST_MATH = YES;
				ONLY_ACTIVE_ARCH = YES;
				SWIFT_ACTIVE_COMPILATION_CONDITIONS = DEBUG;
				SWIFT_OPTIMIZATION_LEVEL = "-Onone";
			};
			name = Debug;
		};
		656CD52C27A898EA0009DDE9 /* Release */ = {
			isa = XCBuildConfiguration;
			buildSettings = {
				ALWAYS_SEARCH_USER_PATHS = NO;
				CLANG_ANALYZER_NONNULL = YES;
				CLANG_ANALYZER_NUMBER_OBJECT_CONVERSION = YES_AGGRESSIVE;
				CLANG_CXX_LANGUAGE_STANDARD = "gnu++17";
				CLANG_CXX_LIBRARY = "libc++";
				CLANG_ENABLE_MODULES = YES;
				CLANG_ENABLE_OBJC_ARC = YES;
				CLANG_ENABLE_OBJC_WEAK = YES;
				CLANG_WARN_BLOCK_CAPTURE_AUTORELEASING = YES;
				CLANG_WARN_BOOL_CONVERSION = YES;
				CLANG_WARN_COMMA = YES;
				CLANG_WARN_CONSTANT_CONVERSION = YES;
				CLANG_WARN_DEPRECATED_OBJC_IMPLEMENTATIONS = YES;
				CLANG_WARN_DIRECT_OBJC_ISA_USAGE = YES_ERROR;
				CLANG_WARN_DOCUMENTATION_COMMENTS = YES;
				CLANG_WARN_EMPTY_BODY = YES;
				CLANG_WARN_ENUM_CONVERSION = YES;
				CLANG_WARN_INFINITE_RECURSION = YES;
				CLANG_WARN_INT_CONVERSION = YES;
				CLANG_WARN_NON_LITERAL_NULL_CONVERSION = YES;
				CLANG_WARN_OBJC_IMPLICIT_RETAIN_SELF = YES;
				CLANG_WARN_OBJC_LITERAL_CONVERSION = YES;
				CLANG_WARN_OBJC_ROOT_CLASS = YES_ERROR;
				CLANG_WARN_QUOTED_INCLUDE_IN_FRAMEWORK_HEADER = YES;
				CLANG_WARN_RANGE_LOOP_ANALYSIS = YES;
				CLANG_WARN_STRICT_PROTOTYPES = YES;
				CLANG_WARN_SUSPICIOUS_MOVE = YES;
				CLANG_WARN_UNGUARDED_AVAILABILITY = YES_AGGRESSIVE;
				CLANG_WARN_UNREACHABLE_CODE = YES;
				CLANG_WARN__DUPLICATE_METHOD_MATCH = YES;
				COPY_PHASE_STRIP = NO;
				DEBUG_INFORMATION_FORMAT = "dwarf-with-dsym";
				ENABLE_NS_ASSERTIONS = NO;
				ENABLE_STRICT_OBJC_MSGSEND = YES;
				GCC_C_LANGUAGE_STANDARD = gnu11;
				GCC_NO_COMMON_BLOCKS = YES;
				GCC_WARN_64_TO_32_BIT_CONVERSION = YES;
				GCC_WARN_ABOUT_RETURN_TYPE = YES_ERROR;
				GCC_WARN_UNDECLARED_SELECTOR = YES;
				GCC_WARN_UNINITIALIZED_AUTOS = YES_AGGRESSIVE;
				GCC_WARN_UNUSED_FUNCTION = YES;
				GCC_WARN_UNUSED_VARIABLE = YES;
				MTL_ENABLE_DEBUG_INFO = NO;
				MTL_FAST_MATH = YES;
				SWIFT_COMPILATION_MODE = wholemodule;
				SWIFT_OPTIMIZATION_LEVEL = "-O";
			};
			name = Release;
		};
		656CD52E27A898EA0009DDE9 /* Debug */ = {
			isa = XCBuildConfiguration;
			buildSettings = {
				ASSETCATALOG_COMPILER_APPICON_NAME = AppIcon;
				ASSETCATALOG_COMPILER_GLOBAL_ACCENT_COLOR_NAME = AccentColor;
				CODE_SIGN_STYLE = Automatic;
				CURRENT_PROJECT_VERSION = 1;
				DEVELOPMENT_TEAM = V2AC9R5899;
				ENABLE_PREVIEWS = YES;
				GENERATE_INFOPLIST_FILE = YES;
				INFOPLIST_KEY_UIApplicationSceneManifest_Generation = YES;
				INFOPLIST_KEY_UIApplicationSupportsIndirectInputEvents = YES;
				INFOPLIST_KEY_UILaunchScreen_Generation = YES;
				INFOPLIST_KEY_UISupportedInterfaceOrientations_iPad = "UIInterfaceOrientationPortrait UIInterfaceOrientationPortraitUpsideDown UIInterfaceOrientationLandscapeLeft UIInterfaceOrientationLandscapeRight";
				INFOPLIST_KEY_UISupportedInterfaceOrientations_iPhone = "UIInterfaceOrientationPortrait UIInterfaceOrientationLandscapeLeft UIInterfaceOrientationLandscapeRight";
				IPHONEOS_DEPLOYMENT_TARGET = 15.2;
				LD_RUNPATH_SEARCH_PATHS = (
					"$(inherited)",
					"@executable_path/Frameworks",
				);
				MARKETING_VERSION = 1.0;
				PRODUCT_BUNDLE_IDENTIFIER = "IIT.Quadratic-Equation";
				PRODUCT_NAME = "Quadratic-Equation";
				SDKROOT = iphoneos;
				SWIFT_EMIT_LOC_STRINGS = YES;
				SWIFT_VERSION = 5.0;
				TARGETED_DEVICE_FAMILY = "1,2";
			};
			name = Debug;
		};
		656CD52F27A898EA0009DDE9 /* Release */ = {
			isa = XCBuildConfiguration;
			buildSettings = {
				ASSETCATALOG_COMPILER_APPICON_NAME = AppIcon;
				ASSETCATALOG_COMPILER_GLOBAL_ACCENT_COLOR_NAME = AccentColor;
				CODE_SIGN_STYLE = Automatic;
				CURRENT_PROJECT_VERSION = 1;
				DEVELOPMENT_TEAM = V2AC9R5899;
				ENABLE_PREVIEWS = YES;
				GENERATE_INFOPLIST_FILE = YES;
				INFOPLIST_KEY_UIApplicationSceneManifest_Generation = YES;
				INFOPLIST_KEY_UIApplicationSupportsIndirectInputEvents = YES;
				INFOPLIST_KEY_UILaunchScreen_Generation = YES;
				INFOPLIST_KEY_UISupportedInterfaceOrientations_iPad = "UIInterfaceOrientationPortrait UIInterfaceOrientationPortraitUpsideDown UIInterfaceOrientationLandscapeLeft UIInterfaceOrientationLandscapeRight";
				INFOPLIST_KEY_UISupportedInterfaceOrientations_iPhone = "UIInterfaceOrientationPortrait UIInterfaceOrientationLandscapeLeft UIInterfaceOrientationLandscapeRight";
				IPHONEOS_DEPLOYMENT_TARGET = 15.2;
				LD_RUNPATH_SEARCH_PATHS = (
					"$(inherited)",
					"@executable_path/Frameworks",
				);
				MARKETING_VERSION = 1.0;
				PRODUCT_BUNDLE_IDENTIFIER = "IIT.Quadratic-Equation";
				PRODUCT_NAME = "Quadratic-Equation";
				SDKROOT = iphoneos;
				SWIFT_EMIT_LOC_STRINGS = YES;
				SWIFT_VERSION = 5.0;
				TARGETED_DEVICE_FAMILY = "1,2";
				VALIDATE_PRODUCT = YES;
			};
			name = Release;
		};
		656CD53127A898EA0009DDE9 /* Debug */ = {
			isa = XCBuildConfiguration;
			buildSettings = {
				ASSETCATALOG_COMPILER_APPICON_NAME = AppIcon;
				ASSETCATALOG_COMPILER_GLOBAL_ACCENT_COLOR_NAME = AccentColor;
				CODE_SIGN_ENTITLEMENTS = macOS/macOS.entitlements;
				CODE_SIGN_STYLE = Automatic;
				COMBINE_HIDPI_IMAGES = YES;
				CURRENT_PROJECT_VERSION = 1;
				DEVELOPMENT_TEAM = V2AC9R5899;
				ENABLE_HARDENED_RUNTIME = YES;
				ENABLE_PREVIEWS = YES;
				GENERATE_INFOPLIST_FILE = YES;
				INFOPLIST_KEY_NSHumanReadableCopyright = "";
				LD_RUNPATH_SEARCH_PATHS = (
					"$(inherited)",
					"@executable_path/../Frameworks",
				);
				MACOSX_DEPLOYMENT_TARGET = 12.1;
				MARKETING_VERSION = 1.0;
				PRODUCT_BUNDLE_IDENTIFIER = "IIT.Quadratic-Equation";
				PRODUCT_NAME = "Quadratic-Equation";
				SDKROOT = macosx;
				SWIFT_EMIT_LOC_STRINGS = YES;
				SWIFT_VERSION = 5.0;
			};
			name = Debug;
		};
		656CD53227A898EA0009DDE9 /* Release */ = {
			isa = XCBuildConfiguration;
			buildSettings = {
				ASSETCATALOG_COMPILER_APPICON_NAME = AppIcon;
				ASSETCATALOG_COMPILER_GLOBAL_ACCENT_COLOR_NAME = AccentColor;
				CODE_SIGN_ENTITLEMENTS = macOS/macOS.entitlements;
				CODE_SIGN_STYLE = Automatic;
				COMBINE_HIDPI_IMAGES = YES;
				CURRENT_PROJECT_VERSION = 1;
				DEVELOPMENT_TEAM = V2AC9R5899;
				ENABLE_HARDENED_RUNTIME = YES;
				ENABLE_PREVIEWS = YES;
				GENERATE_INFOPLIST_FILE = YES;
				INFOPLIST_KEY_NSHumanReadableCopyright = "";
				LD_RUNPATH_SEARCH_PATHS = (
					"$(inherited)",
					"@executable_path/../Frameworks",
				);
				MACOSX_DEPLOYMENT_TARGET = 12.1;
				MARKETING_VERSION = 1.0;
				PRODUCT_BUNDLE_IDENTIFIER = "IIT.Quadratic-Equation";
				PRODUCT_NAME = "Quadratic-Equation";
				SDKROOT = macosx;
				SWIFT_EMIT_LOC_STRINGS = YES;
				SWIFT_VERSION = 5.0;
			};
			name = Release;
		};
		656CD53427A898EA0009DDE9 /* Debug */ = {
			isa = XCBuildConfiguration;
			buildSettings = {
				ALWAYS_EMBED_SWIFT_STANDARD_LIBRARIES = YES;
				CODE_SIGN_STYLE = Automatic;
				CURRENT_PROJECT_VERSION = 1;
				DEVELOPMENT_TEAM = V2AC9R5899;
				GENERATE_INFOPLIST_FILE = YES;
				IPHONEOS_DEPLOYMENT_TARGET = 15.2;
				MARKETING_VERSION = 1.0;
				PRODUCT_BUNDLE_IDENTIFIER = "IIT.Tests-iOS";
				PRODUCT_NAME = "$(TARGET_NAME)";
				SDKROOT = iphoneos;
				SWIFT_EMIT_LOC_STRINGS = NO;
				SWIFT_VERSION = 5.0;
				TARGETED_DEVICE_FAMILY = "1,2";
				TEST_TARGET_NAME = "Quadratic-Equation (iOS)";
			};
			name = Debug;
		};
		656CD53527A898EA0009DDE9 /* Release */ = {
			isa = XCBuildConfiguration;
			buildSettings = {
				ALWAYS_EMBED_SWIFT_STANDARD_LIBRARIES = YES;
				CODE_SIGN_STYLE = Automatic;
				CURRENT_PROJECT_VERSION = 1;
				DEVELOPMENT_TEAM = V2AC9R5899;
				GENERATE_INFOPLIST_FILE = YES;
				IPHONEOS_DEPLOYMENT_TARGET = 15.2;
				MARKETING_VERSION = 1.0;
				PRODUCT_BUNDLE_IDENTIFIER = "IIT.Tests-iOS";
				PRODUCT_NAME = "$(TARGET_NAME)";
				SDKROOT = iphoneos;
				SWIFT_EMIT_LOC_STRINGS = NO;
				SWIFT_VERSION = 5.0;
				TARGETED_DEVICE_FAMILY = "1,2";
				TEST_TARGET_NAME = "Quadratic-Equation (iOS)";
				VALIDATE_PRODUCT = YES;
			};
			name = Release;
		};
		656CD53727A898EA0009DDE9 /* Debug */ = {
			isa = XCBuildConfiguration;
			buildSettings = {
				ALWAYS_EMBED_SWIFT_STANDARD_LIBRARIES = YES;
				CODE_SIGN_STYLE = Automatic;
				CURRENT_PROJECT_VERSION = 1;
				DEVELOPMENT_TEAM = V2AC9R5899;
				GENERATE_INFOPLIST_FILE = YES;
				MACOSX_DEPLOYMENT_TARGET = 12.1;
				MARKETING_VERSION = 1.0;
				PRODUCT_BUNDLE_IDENTIFIER = "IIT.Tests-macOS";
				PRODUCT_NAME = "$(TARGET_NAME)";
				SDKROOT = macosx;
				SWIFT_EMIT_LOC_STRINGS = NO;
				SWIFT_VERSION = 5.0;
				TEST_TARGET_NAME = "Quadratic-Equation (macOS)";
			};
			name = Debug;
		};
		656CD53827A898EA0009DDE9 /* Release */ = {
			isa = XCBuildConfiguration;
			buildSettings = {
				ALWAYS_EMBED_SWIFT_STANDARD_LIBRARIES = YES;
				CODE_SIGN_STYLE = Automatic;
				CURRENT_PROJECT_VERSION = 1;
				DEVELOPMENT_TEAM = V2AC9R5899;
				GENERATE_INFOPLIST_FILE = YES;
				MACOSX_DEPLOYMENT_TARGET = 12.1;
				MARKETING_VERSION = 1.0;
				PRODUCT_BUNDLE_IDENTIFIER = "IIT.Tests-macOS";
				PRODUCT_NAME = "$(TARGET_NAME)";
				SDKROOT = macosx;
				SWIFT_EMIT_LOC_STRINGS = NO;
				SWIFT_VERSION = 5.0;
				TEST_TARGET_NAME = "Quadratic-Equation (macOS)";
			};
			name = Release;
		};
/* End XCBuildConfiguration section */

/* Begin XCConfigurationList section */
		656CD4FB27A898E60009DDE9 /* Build configuration list for PBXProject "Quadratic-Equation" */ = {
			isa = XCConfigurationList;
			buildConfigurations = (
				656CD52B27A898EA0009DDE9 /* Debug */,
				656CD52C27A898EA0009DDE9 /* Release */,
			);
			defaultConfigurationIsVisible = 0;
			defaultConfigurationName = Release;
		};
		656CD52D27A898EA0009DDE9 /* Build configuration list for PBXNativeTarget "Quadratic-Equation (iOS)" */ = {
			isa = XCConfigurationList;
			buildConfigurations = (
				656CD52E27A898EA0009DDE9 /* Debug */,
				656CD52F27A898EA0009DDE9 /* Release */,
			);
			defaultConfigurationIsVisible = 0;
			defaultConfigurationName = Release;
		};
		656CD53027A898EA0009DDE9 /* Build configuration list for PBXNativeTarget "Quadratic-Equation (macOS)" */ = {
			isa = XCConfigurationList;
			buildConfigurations = (
				656CD53127A898EA0009DDE9 /* Debug */,
				656CD53227A898EA0009DDE9 /* Release */,
			);
			defaultConfigurationIsVisible = 0;
			defaultConfigurationName = Release;
		};
		656CD53327A898EA0009DDE9 /* Build configuration list for PBXNativeTarget "Tests iOS" */ = {
			isa = XCConfigurationList;
			buildConfigurations = (
				656CD53427A898EA0009DDE9 /* Debug */,
				656CD53527A898EA0009DDE9 /* Release */,
			);
			defaultConfigurationIsVisible = 0;
			defaultConfigurationName = Release;
		};
		656CD53627A898EA0009DDE9 /* Build configuration list for PBXNativeTarget "Tests macOS" */ = {
			isa = XCConfigurationList;
			buildConfigurations = (
				656CD53727A898EA0009DDE9 /* Debug */,
				656CD53827A898EA0009DDE9 /* Release */,
			);
			defaultConfigurationIsVisible = 0;
			defaultConfigurationName = Release;
		};
/* End XCConfigurationList section */
	};
	rootObject = 656CD4F827A898E60009DDE9 /* Project object */;
}
